// !$*UTF8*$!
{
	archiveVersion = 1;
	classes = {
	};
	objectVersion = 46;
	objects = {

/* Begin PBXBuildFile section */
		C430D42C1B4B627F0027DCBF /* main.m in Sources */ = {isa = PBXBuildFile; fileRef = C430D42B1B4B627F0027DCBF /* main.m */; };
		C430D42F1B4B627F0027DCBF /* AppDelegate.m in Sources */ = {isa = PBXBuildFile; fileRef = C430D42E1B4B627F0027DCBF /* AppDelegate.m */; };
		C430D4321B4B627F0027DCBF /* ViewController.m in Sources */ = {isa = PBXBuildFile; fileRef = C430D4311B4B627F0027DCBF /* ViewController.m */; };
		C430D4351B4B627F0027DCBF /* Main.storyboard in Resources */ = {isa = PBXBuildFile; fileRef = C430D4331B4B627F0027DCBF /* Main.storyboard */; };
		C430D4371B4B627F0027DCBF /* Images.xcassets in Resources */ = {isa = PBXBuildFile; fileRef = C430D4361B4B627F0027DCBF /* Images.xcassets */; };
		C430D43A1B4B627F0027DCBF /* LaunchScreen.xib in Resources */ = {isa = PBXBuildFile; fileRef = C430D4381B4B627F0027DCBF /* LaunchScreen.xib */; };
		C430D4461B4B627F0027DCBF /* ViewHierarchyDemoTests.m in Sources */ = {isa = PBXBuildFile; fileRef = C430D4451B4B627F0027DCBF /* ViewHierarchyDemoTests.m */; };
		C430D4501B4B89350027DCBF /* button.xib in Resources */ = {isa = PBXBuildFile; fileRef = C430D44F1B4B89350027DCBF /* button.xib */; };
		C430D4521B4B8FAC0027DCBF /* camera_1.png in Resources */ = {isa = PBXBuildFile; fileRef = C430D4511B4B8FAC0027DCBF /* camera_1.png */; };
		C430D4551B4B8FF30027DCBF /* CameraButtonView.m in Sources */ = {isa = PBXBuildFile; fileRef = C430D4541B4B8FF30027DCBF /* CameraButtonView.m */; };
/* End PBXBuildFile section */

/* Begin PBXContainerItemProxy section */
		C430D4401B4B627F0027DCBF /* PBXContainerItemProxy */ = {
			isa = PBXContainerItemProxy;
			containerPortal = C430D41E1B4B627F0027DCBF /* Project object */;
			proxyType = 1;
			remoteGlobalIDString = C430D4251B4B627F0027DCBF;
			remoteInfo = ViewHierarchyDemo;
		};
/* End PBXContainerItemProxy section */

/* Begin PBXFileReference section */
		C430D4261B4B627F0027DCBF /* SearchbarCollectionView.app */ = {isa = PBXFileReference; explicitFileType = wrapper.application; includeInIndex = 0; path = SearchbarCollectionView.app; sourceTree = BUILT_PRODUCTS_DIR; };
		C430D42A1B4B627F0027DCBF /* Info.plist */ = {isa = PBXFileReference; lastKnownFileType = text.plist.xml; path = Info.plist; sourceTree = "<group>"; };
		C430D42B1B4B627F0027DCBF /* main.m */ = {isa = PBXFileReference; lastKnownFileType = sourcecode.c.objc; path = main.m; sourceTree = "<group>"; };
		C430D42D1B4B627F0027DCBF /* AppDelegate.h */ = {isa = PBXFileReference; lastKnownFileType = sourcecode.c.h; path = AppDelegate.h; sourceTree = "<group>"; };
		C430D42E1B4B627F0027DCBF /* AppDelegate.m */ = {isa = PBXFileReference; lastKnownFileType = sourcecode.c.objc; path = AppDelegate.m; sourceTree = "<group>"; };
		C430D4301B4B627F0027DCBF /* ViewController.h */ = {isa = PBXFileReference; lastKnownFileType = sourcecode.c.h; path = ViewController.h; sourceTree = "<group>"; };
		C430D4311B4B627F0027DCBF /* ViewController.m */ = {isa = PBXFileReference; lastKnownFileType = sourcecode.c.objc; path = ViewController.m; sourceTree = "<group>"; };
		C430D4341B4B627F0027DCBF /* Base */ = {isa = PBXFileReference; lastKnownFileType = file.storyboard; name = Base; path = Base.lproj/Main.storyboard; sourceTree = "<group>"; };
		C430D4361B4B627F0027DCBF /* Images.xcassets */ = {isa = PBXFileReference; lastKnownFileType = folder.assetcatalog; path = Images.xcassets; sourceTree = "<group>"; };
		C430D4391B4B627F0027DCBF /* Base */ = {isa = PBXFileReference; lastKnownFileType = file.xib; name = Base; path = Base.lproj/LaunchScreen.xib; sourceTree = "<group>"; };
		C430D43F1B4B627F0027DCBF /* SearchbarCollectionViewTests.xctest */ = {isa = PBXFileReference; explicitFileType = wrapper.cfbundle; includeInIndex = 0; path = SearchbarCollectionViewTests.xctest; sourceTree = BUILT_PRODUCTS_DIR; };
		C430D4441B4B627F0027DCBF /* Info.plist */ = {isa = PBXFileReference; lastKnownFileType = text.plist.xml; path = Info.plist; sourceTree = "<group>"; };
		C430D4451B4B627F0027DCBF /* ViewHierarchyDemoTests.m */ = {isa = PBXFileReference; lastKnownFileType = sourcecode.c.objc; path = ViewHierarchyDemoTests.m; sourceTree = "<group>"; };
		C430D44F1B4B89350027DCBF /* button.xib */ = {isa = PBXFileReference; fileEncoding = 4; lastKnownFileType = file.xib; path = button.xib; sourceTree = "<group>"; };
		C430D4511B4B8FAC0027DCBF /* camera_1.png */ = {isa = PBXFileReference; lastKnownFileType = image.png; path = camera_1.png; sourceTree = "<group>"; };
		C430D4531B4B8FF30027DCBF /* CameraButtonView.h */ = {isa = PBXFileReference; fileEncoding = 4; lastKnownFileType = sourcecode.c.h; path = CameraButtonView.h; sourceTree = "<group>"; };
		C430D4541B4B8FF30027DCBF /* CameraButtonView.m */ = {isa = PBXFileReference; fileEncoding = 4; lastKnownFileType = sourcecode.c.objc; path = CameraButtonView.m; sourceTree = "<group>"; };
/* End PBXFileReference section */

/* Begin PBXFrameworksBuildPhase section */
		C430D4231B4B627F0027DCBF /* Frameworks */ = {
			isa = PBXFrameworksBuildPhase;
			buildActionMask = 2147483647;
			files = (
			);
			runOnlyForDeploymentPostprocessing = 0;
		};
		C430D43C1B4B627F0027DCBF /* Frameworks */ = {
			isa = PBXFrameworksBuildPhase;
			buildActionMask = 2147483647;
			files = (
			);
			runOnlyForDeploymentPostprocessing = 0;
		};
/* End PBXFrameworksBuildPhase section */

/* Begin PBXGroup section */
		C430D41D1B4B627F0027DCBF = {
			isa = PBXGroup;
			children = (
				C430D44F1B4B89350027DCBF /* button.xib */,
				C430D4281B4B627F0027DCBF /* SearchbarCollectionView */,
				C430D4421B4B627F0027DCBF /* ViewHierarchyDemoTests */,
				C430D4271B4B627F0027DCBF /* Products */,
			);
			sourceTree = "<group>";
		};
		C430D4271B4B627F0027DCBF /* Products */ = {
			isa = PBXGroup;
			children = (
				C430D4261B4B627F0027DCBF /* SearchbarCollectionView.app */,
				C430D43F1B4B627F0027DCBF /* SearchbarCollectionViewTests.xctest */,
			);
			name = Products;
			sourceTree = "<group>";
		};
		C430D4281B4B627F0027DCBF /* SearchbarCollectionView */ = {
			isa = PBXGroup;
			children = (
				C430D42D1B4B627F0027DCBF /* AppDelegate.h */,
				C430D42E1B4B627F0027DCBF /* AppDelegate.m */,
				C430D4301B4B627F0027DCBF /* ViewController.h */,
				C430D4311B4B627F0027DCBF /* ViewController.m */,
				C430D4331B4B627F0027DCBF /* Main.storyboard */,
				C430D4511B4B8FAC0027DCBF /* camera_1.png */,
				C430D4361B4B627F0027DCBF /* Images.xcassets */,
				C430D4381B4B627F0027DCBF /* LaunchScreen.xib */,
				C430D4291B4B627F0027DCBF /* Supporting Files */,
				C430D4531B4B8FF30027DCBF /* CameraButtonView.h */,
				C430D4541B4B8FF30027DCBF /* CameraButtonView.m */,
			);
			name = SearchbarCollectionView;
			path = ViewHierarchyDemo;
			sourceTree = "<group>";
		};
		C430D4291B4B627F0027DCBF /* Supporting Files */ = {
			isa = PBXGroup;
			children = (
				C430D42A1B4B627F0027DCBF /* Info.plist */,
				C430D42B1B4B627F0027DCBF /* main.m */,
			);
			name = "Supporting Files";
			sourceTree = "<group>";
		};
		C430D4421B4B627F0027DCBF /* ViewHierarchyDemoTests */ = {
			isa = PBXGroup;
			children = (
				C430D4451B4B627F0027DCBF /* ViewHierarchyDemoTests.m */,
				C430D4431B4B627F0027DCBF /* Supporting Files */,
			);
			path = ViewHierarchyDemoTests;
			sourceTree = "<group>";
		};
		C430D4431B4B627F0027DCBF /* Supporting Files */ = {
			isa = PBXGroup;
			children = (
				C430D4441B4B627F0027DCBF /* Info.plist */,
			);
			name = "Supporting Files";
			sourceTree = "<group>";
		};
/* End PBXGroup section */

/* Begin PBXNativeTarget section */
		C430D4251B4B627F0027DCBF /* SearchbarCollectionView */ = {
			isa = PBXNativeTarget;
			buildConfigurationList = C430D4491B4B627F0027DCBF /* Build configuration list for PBXNativeTarget "SearchbarCollectionView" */;
			buildPhases = (
				C430D4221B4B627F0027DCBF /* Sources */,
				C430D4231B4B627F0027DCBF /* Frameworks */,
				C430D4241B4B627F0027DCBF /* Resources */,
			);
			buildRules = (
			);
			dependencies = (
			);
			name = SearchbarCollectionView;
			productName = ViewHierarchyDemo;
			productReference = C430D4261B4B627F0027DCBF /* SearchbarCollectionView.app */;
			productType = "com.apple.product-type.application";
		};
		C430D43E1B4B627F0027DCBF /* SearchbarCollectionViewTests */ = {
			isa = PBXNativeTarget;
			buildConfigurationList = C430D44C1B4B627F0027DCBF /* Build configuration list for PBXNativeTarget "SearchbarCollectionViewTests" */;
			buildPhases = (
				C430D43B1B4B627F0027DCBF /* Sources */,
				C430D43C1B4B627F0027DCBF /* Frameworks */,
				C430D43D1B4B627F0027DCBF /* Resources */,
			);
			buildRules = (
			);
			dependencies = (
				C430D4411B4B627F0027DCBF /* PBXTargetDependency */,
			);
			name = SearchbarCollectionViewTests;
			productName = ViewHierarchyDemoTests;
			productReference = C430D43F1B4B627F0027DCBF /* SearchbarCollectionViewTests.xctest */;
			productType = "com.apple.product-type.bundle.unit-test";
		};
/* End PBXNativeTarget section */

/* Begin PBXProject section */
		C430D41E1B4B627F0027DCBF /* Project object */ = {
			isa = PBXProject;
			attributes = {
				LastUpgradeCheck = 0630;
				ORGANIZATIONNAME = "Nilesh Agrawal";
				TargetAttributes = {
					C430D4251B4B627F0027DCBF = {
						CreatedOnToolsVersion = 6.3.2;
					};
					C430D43E1B4B627F0027DCBF = {
						CreatedOnToolsVersion = 6.3.2;
						TestTargetID = C430D4251B4B627F0027DCBF;
					};
				};
			};
			buildConfigurationList = C430D4211B4B627F0027DCBF /* Build configuration list for PBXProject "SearchbarCollectionView" */;
			compatibilityVersion = "Xcode 3.2";
			developmentRegion = English;
			hasScannedForEncodings = 0;
			knownRegions = (
				en,
				Base,
			);
			mainGroup = C430D41D1B4B627F0027DCBF;
			productRefGroup = C430D4271B4B627F0027DCBF /* Products */;
			projectDirPath = "";
			projectRoot = "";
			targets = (
				C430D4251B4B627F0027DCBF /* SearchbarCollectionView */,
				C430D43E1B4B627F0027DCBF /* SearchbarCollectionViewTests */,
			);
		};
/* End PBXProject section */

/* Begin PBXResourcesBuildPhase section */
		C430D4241B4B627F0027DCBF /* Resources */ = {
			isa = PBXResourcesBuildPhase;
			buildActionMask = 2147483647;
			files = (
				C430D4351B4B627F0027DCBF /* Main.storyboard in Resources */,
				C430D4521B4B8FAC0027DCBF /* camera_1.png in Resources */,
				C430D43A1B4B627F0027DCBF /* LaunchScreen.xib in Resources */,
				C430D4371B4B627F0027DCBF /* Images.xcassets in Resources */,
				C430D4501B4B89350027DCBF /* button.xib in Resources */,
			);
			runOnlyForDeploymentPostprocessing = 0;
		};
		C430D43D1B4B627F0027DCBF /* Resources */ = {
			isa = PBXResourcesBuildPhase;
			buildActionMask = 2147483647;
			files = (
			);
			runOnlyForDeploymentPostprocessing = 0;
		};
/* End PBXResourcesBuildPhase section */

/* Begin PBXSourcesBuildPhase section */
		C430D4221B4B627F0027DCBF /* Sources */ = {
			isa = PBXSourcesBuildPhase;
			buildActionMask = 2147483647;
			files = (
				C430D4321B4B627F0027DCBF /* ViewController.m in Sources */,
				C430D4551B4B8FF30027DCBF /* CameraButtonView.m in Sources */,
				C430D42F1B4B627F0027DCBF /* AppDelegate.m in Sources */,
				C430D42C1B4B627F0027DCBF /* main.m in Sources */,
			);
			runOnlyForDeploymentPostprocessing = 0;
		};
		C430D43B1B4B627F0027DCBF /* Sources */ = {
			isa = PBXSourcesBuildPhase;
			buildActionMask = 2147483647;
			files = (
				C430D4461B4B627F0027DCBF /* ViewHierarchyDemoTests.m in Sources */,
			);
			runOnlyForDeploymentPostprocessing = 0;
		};
/* End PBXSourcesBuildPhase section */

/* Begin PBXTargetDependency section */
		C430D4411B4B627F0027DCBF /* PBXTargetDependency */ = {
			isa = PBXTargetDependency;
			target = C430D4251B4B627F0027DCBF /* SearchbarCollectionView */;
			targetProxy = C430D4401B4B627F0027DCBF /* PBXContainerItemProxy */;
		};
/* End PBXTargetDependency section */

/* Begin PBXVariantGroup section */
		C430D4331B4B627F0027DCBF /* Main.storyboard */ = {
			isa = PBXVariantGroup;
			children = (
				C430D4341B4B627F0027DCBF /* Base */,
			);
			name = Main.storyboard;
			sourceTree = "<group>";
		};
		C430D4381B4B627F0027DCBF /* LaunchScreen.xib */ = {
			isa = PBXVariantGroup;
			children = (
				C430D4391B4B627F0027DCBF /* Base */,
			);
			name = LaunchScreen.xib;
			sourceTree = "<group>";
		};
/* End PBXVariantGroup section */

/* Begin XCBuildConfiguration section */
		C430D4471B4B627F0027DCBF /* Debug */ = {
			isa = XCBuildConfiguration;
			buildSettings = {
				ALWAYS_SEARCH_USER_PATHS = NO;
				CLANG_CXX_LANGUAGE_STANDARD = "gnu++0x";
				CLANG_CXX_LIBRARY = "libc++";
				CLANG_ENABLE_MODULES = YES;
				CLANG_ENABLE_OBJC_ARC = YES;
				CLANG_WARN_BOOL_CONVERSION = YES;
				CLANG_WARN_CONSTANT_CONVERSION = YES;
				CLANG_WARN_DIRECT_OBJC_ISA_USAGE = YES_ERROR;
				CLANG_WARN_EMPTY_BODY = YES;
				CLANG_WARN_ENUM_CONVERSION = YES;
				CLANG_WARN_INT_CONVERSION = YES;
				CLANG_WARN_OBJC_ROOT_CLASS = YES_ERROR;
				CLANG_WARN_UNREACHABLE_CODE = YES;
				CLANG_WARN__DUPLICATE_METHOD_MATCH = YES;
				"CODE_SIGN_IDENTITY[sdk=iphoneos*]" = "iPhone Developer";
				COPY_PHASE_STRIP = NO;
				DEBUG_INFORMATION_FORMAT = "dwarf-with-dsym";
				ENABLE_STRICT_OBJC_MSGSEND = YES;
				GCC_C_LANGUAGE_STANDARD = gnu99;
				GCC_DYNAMIC_NO_PIC = NO;
				GCC_NO_COMMON_BLOCKS = YES;
				GCC_OPTIMIZATION_LEVEL = 0;
				GCC_PREPROCESSOR_DEFINITIONS = (
					"DEBUG=1",
					"$(inherited)",
				);
				GCC_SYMBOLS_PRIVATE_EXTERN = NO;
				GCC_WARN_64_TO_32_BIT_CONVERSION = YES;
				GCC_WARN_ABOUT_RETURN_TYPE = YES_ERROR;
				GCC_WARN_UNDECLARED_SELECTOR = YES;
				GCC_WARN_UNINITIALIZED_AUTOS = YES_AGGRESSIVE;
				GCC_WARN_UNUSED_FUNCTION = YES;
				GCC_WARN_UNUSED_VARIABLE = YES;
				IPHONEOS_DEPLOYMENT_TARGET = 8.3;
				MTL_ENABLE_DEBUG_INFO = YES;
				ONLY_ACTIVE_ARCH = YES;
				SDKROOT = iphoneos;
				TARGETED_DEVICE_FAMILY = "1,2";
			};
			name = Debug;
		};
		C430D4481B4B627F0027DCBF /* Release */ = {
			isa = XCBuildConfiguration;
			buildSettings = {
				ALWAYS_SEARCH_USER_PATHS = NO;
				CLANG_CXX_LANGUAGE_STANDARD = "gnu++0x";
				CLANG_CXX_LIBRARY = "libc++";
				CLANG_ENABLE_MODULES = YES;
				CLANG_ENABLE_OBJC_ARC = YES;
				CLANG_WARN_BOOL_CONVERSION = YES;
				CLANG_WARN_CONSTANT_CONVERSION = YES;
				CLANG_WARN_DIRECT_OBJC_ISA_USAGE = YES_ERROR;
				CLANG_WARN_EMPTY_BODY = YES;
				CLANG_WARN_ENUM_CONVERSION = YES;
				CLANG_WARN_INT_CONVERSION = YES;
				CLANG_WARN_OBJC_ROOT_CLASS = YES_ERROR;
				CLANG_WARN_UNREACHABLE_CODE = YES;
				CLANG_WARN__DUPLICATE_METHOD_MATCH = YES;
				"CODE_SIGN_IDENTITY[sdk=iphoneos*]" = "iPhone Developer";
				COPY_PHASE_STRIP = NO;
				DEBUG_INFORMATION_FORMAT = "dwarf-with-dsym";
				ENABLE_NS_ASSERTIONS = NO;
				ENABLE_STRICT_OBJC_MSGSEND = YES;
				GCC_C_LANGUAGE_STANDARD = gnu99;
				GCC_NO_COMMON_BLOCKS = YES;
				GCC_WARN_64_TO_32_BIT_CONVERSION = YES;
				GCC_WARN_ABOUT_RETURN_TYPE = YES_ERROR;
				GCC_WARN_UNDECLARED_SELECTOR = YES;
				GCC_WARN_UNINITIALIZED_AUTOS = YES_AGGRESSIVE;
				GCC_WARN_UNUSED_FUNCTION = YES;
				GCC_WARN_UNUSED_VARIABLE = YES;
				IPHONEOS_DEPLOYMENT_TARGET = 8.3;
				MTL_ENABLE_DEBUG_INFO = NO;
				SDKROOT = iphoneos;
				TARGETED_DEVICE_FAMILY = "1,2";
				VALIDATE_PRODUCT = YES;
			};
			name = Release;
		};
		C430D44A1B4B627F0027DCBF /* Debug */ = {
			isa = XCBuildConfiguration;
			buildSettings = {
				ASSETCATALOG_COMPILER_APPICON_NAME = AppIcon;
				INFOPLIST_FILE = ViewHierarchyDemo/Info.plist;
				LD_RUNPATH_SEARCH_PATHS = "$(inherited) @executable_path/Frameworks";
				PRODUCT_NAME = SearchbarCollectionView;
			};
			name = Debug;
		};
		C430D44B1B4B627F0027DCBF /* Release */ = {
			isa = XCBuildConfiguration;
			buildSettings = {
				ASSETCATALOG_COMPILER_APPICON_NAME = AppIcon;
				INFOPLIST_FILE = ViewHierarchyDemo/Info.plist;
				LD_RUNPATH_SEARCH_PATHS = "$(inherited) @executable_path/Frameworks";
				PRODUCT_NAME = SearchbarCollectionView;
			};
			name = Release;
		};
		C430D44D1B4B627F0027DCBF /* Debug */ = {
			isa = XCBuildConfiguration;
			buildSettings = {
				BUNDLE_LOADER = "$(TEST_HOST)";
				FRAMEWORK_SEARCH_PATHS = (
					"$(SDKROOT)/Developer/Library/Frameworks",
					"$(inherited)",
				);
				GCC_PREPROCESSOR_DEFINITIONS = (
					"DEBUG=1",
					"$(inherited)",
				);
				INFOPLIST_FILE = ViewHierarchyDemoTests/Info.plist;
				LD_RUNPATH_SEARCH_PATHS = "$(inherited) @executable_path/Frameworks @loader_path/Frameworks";
				PRODUCT_NAME = SearchbarCollectionViewTests;
				TEST_HOST = "$(BUILT_PRODUCTS_DIR)/ViewHierarchyDemo.app/ViewHierarchyDemo";
			};
			name = Debug;
		};
		C430D44E1B4B627F0027DCBF /* Release */ = {
			isa = XCBuildConfiguration;
			buildSettings = {
				BUNDLE_LOADER = "$(TEST_HOST)";
				FRAMEWORK_SEARCH_PATHS = (
					"$(SDKROOT)/Developer/Library/Frameworks",
					"$(inherited)",
				);
				INFOPLIST_FILE = ViewHierarchyDemoTests/Info.plist;
				LD_RUNPATH_SEARCH_PATHS = "$(inherited) @executable_path/Frameworks @loader_path/Frameworks";
				PRODUCT_NAME = SearchbarCollectionViewTests;
				TEST_HOST = "$(BUILT_PRODUCTS_DIR)/ViewHierarchyDemo.app/ViewHierarchyDemo";
			};
			name = Release;
		};
/* End XCBuildConfiguration section */

/* Begin XCConfigurationList section */
		C430D4211B4B627F0027DCBF /* Build configuration list for PBXProject "SearchbarCollectionView" */ = {
			isa = XCConfigurationList;
			buildConfigurations = (
				C430D4471B4B627F0027DCBF /* Debug */,
				C430D4481B4B627F0027DCBF /* Release */,
			);
			defaultConfigurationIsVisible = 0;
			defaultConfigurationName = Release;
		};
		C430D4491B4B627F0027DCBF /* Build configuration list for PBXNativeTarget "SearchbarCollectionView" */ = {
			isa = XCConfigurationList;
			buildConfigurations = (
				C430D44A1B4B627F0027DCBF /* Debug */,
				C430D44B1B4B627F0027DCBF /* Release */,
			);
			defaultConfigurationIsVisible = 0;
			defaultConfigurationName = Release;
		};
		C430D44C1B4B627F0027DCBF /* Build configuration list for PBXNativeTarget "SearchbarCollectionViewTests" */ = {
			isa = XCConfigurationList;
			buildConfigurations = (
				C430D44D1B4B627F0027DCBF /* Debug */,
				C430D44E1B4B627F0027DCBF /* Release */,
			);
			defaultConfigurationIsVisible = 0;
			defaultConfigurationName = Release;
		};
/* End XCConfigurationList section */
	};
	rootObject = C430D41E1B4B627F0027DCBF /* Project object */;
}
