// !$*UTF8*$!
{
	archiveVersion = 1;
	classes = {
	};
	objectVersion = 46;
	objects = {

/* Begin PBXBuildFile section */
		C4A344151B4DC63A0024B3A2 /* main.m in Sources */ = {isa = PBXBuildFile; fileRef = C4A344141B4DC63A0024B3A2 /* main.m */; };
		C4A344181B4DC63A0024B3A2 /* AppDelegate.m in Sources */ = {isa = PBXBuildFile; fileRef = C4A344171B4DC63A0024B3A2 /* AppDelegate.m */; };
		C4A3441B1B4DC63A0024B3A2 /* ViewController.m in Sources */ = {isa = PBXBuildFile; fileRef = C4A3441A1B4DC63A0024B3A2 /* ViewController.m */; };
		C4A3441E1B4DC63A0024B3A2 /* Main.storyboard in Resources */ = {isa = PBXBuildFile; fileRef = C4A3441C1B4DC63A0024B3A2 /* Main.storyboard */; };
		C4A344201B4DC63A0024B3A2 /* Images.xcassets in Resources */ = {isa = PBXBuildFile; fileRef = C4A3441F1B4DC63A0024B3A2 /* Images.xcassets */; };
		C4A344231B4DC63A0024B3A2 /* LaunchScreen.xib in Resources */ = {isa = PBXBuildFile; fileRef = C4A344211B4DC63A0024B3A2 /* LaunchScreen.xib */; };
		C4A3442F1B4DC63A0024B3A2 /* UIViewClassTests.m in Sources */ = {isa = PBXBuildFile; fileRef = C4A3442E1B4DC63A0024B3A2 /* UIViewClassTests.m */; };
		C4A3443A1B4DC65D0024B3A2 /* HypnosisView.m in Sources */ = {isa = PBXBuildFile; fileRef = C4A344391B4DC65D0024B3A2 /* HypnosisView.m */; };
/* End PBXBuildFile section */

/* Begin PBXContainerItemProxy section */
		C4A344291B4DC63A0024B3A2 /* PBXContainerItemProxy */ = {
			isa = PBXContainerItemProxy;
			containerPortal = C4A344071B4DC63A0024B3A2 /* Project object */;
			proxyType = 1;
			remoteGlobalIDString = C4A3440E1B4DC63A0024B3A2;
			remoteInfo = UIViewClass;
		};
/* End PBXContainerItemProxy section */

/* Begin PBXFileReference section */
		C4A3440F1B4DC63A0024B3A2 /* UIViewClass.app */ = {isa = PBXFileReference; explicitFileType = wrapper.application; includeInIndex = 0; path = UIViewClass.app; sourceTree = BUILT_PRODUCTS_DIR; };
		C4A344131B4DC63A0024B3A2 /* Info.plist */ = {isa = PBXFileReference; lastKnownFileType = text.plist.xml; path = Info.plist; sourceTree = "<group>"; };
		C4A344141B4DC63A0024B3A2 /* main.m */ = {isa = PBXFileReference; lastKnownFileType = sourcecode.c.objc; path = main.m; sourceTree = "<group>"; };
		C4A344161B4DC63A0024B3A2 /* AppDelegate.h */ = {isa = PBXFileReference; lastKnownFileType = sourcecode.c.h; path = AppDelegate.h; sourceTree = "<group>"; };
		C4A344171B4DC63A0024B3A2 /* AppDelegate.m */ = {isa = PBXFileReference; lastKnownFileType = sourcecode.c.objc; path = AppDelegate.m; sourceTree = "<group>"; };
		C4A344191B4DC63A0024B3A2 /* ViewController.h */ = {isa = PBXFileReference; lastKnownFileType = sourcecode.c.h; path = ViewController.h; sourceTree = "<group>"; };
		C4A3441A1B4DC63A0024B3A2 /* ViewController.m */ = {isa = PBXFileReference; lastKnownFileType = sourcecode.c.objc; path = ViewController.m; sourceTree = "<group>"; };
		C4A3441D1B4DC63A0024B3A2 /* Base */ = {isa = PBXFileReference; lastKnownFileType = file.storyboard; name = Base; path = Base.lproj/Main.storyboard; sourceTree = "<group>"; };
		C4A3441F1B4DC63A0024B3A2 /* Images.xcassets */ = {isa = PBXFileReference; lastKnownFileType = folder.assetcatalog; path = Images.xcassets; sourceTree = "<group>"; };
		C4A344221B4DC63A0024B3A2 /* Base */ = {isa = PBXFileReference; lastKnownFileType = file.xib; name = Base; path = Base.lproj/LaunchScreen.xib; sourceTree = "<group>"; };
		C4A344281B4DC63A0024B3A2 /* UIViewClassTests.xctest */ = {isa = PBXFileReference; explicitFileType = wrapper.cfbundle; includeInIndex = 0; path = UIViewClassTests.xctest; sourceTree = BUILT_PRODUCTS_DIR; };
		C4A3442D1B4DC63A0024B3A2 /* Info.plist */ = {isa = PBXFileReference; lastKnownFileType = text.plist.xml; path = Info.plist; sourceTree = "<group>"; };
		C4A3442E1B4DC63A0024B3A2 /* UIViewClassTests.m */ = {isa = PBXFileReference; lastKnownFileType = sourcecode.c.objc; path = UIViewClassTests.m; sourceTree = "<group>"; };
		C4A344381B4DC65D0024B3A2 /* HypnosisView.h */ = {isa = PBXFileReference; fileEncoding = 4; lastKnownFileType = sourcecode.c.h; path = HypnosisView.h; sourceTree = "<group>"; };
		C4A344391B4DC65D0024B3A2 /* HypnosisView.m */ = {isa = PBXFileReference; fileEncoding = 4; lastKnownFileType = sourcecode.c.objc; path = HypnosisView.m; sourceTree = "<group>"; };
/* End PBXFileReference section */

/* Begin PBXFrameworksBuildPhase section */
		C4A3440C1B4DC63A0024B3A2 /* Frameworks */ = {
			isa = PBXFrameworksBuildPhase;
			buildActionMask = 2147483647;
			files = (
			);
			runOnlyForDeploymentPostprocessing = 0;
		};
		C4A344251B4DC63A0024B3A2 /* Frameworks */ = {
			isa = PBXFrameworksBuildPhase;
			buildActionMask = 2147483647;
			files = (
			);
			runOnlyForDeploymentPostprocessing = 0;
		};
/* End PBXFrameworksBuildPhase section */

/* Begin PBXGroup section */
		C4A344061B4DC63A0024B3A2 = {
			isa = PBXGroup;
			children = (
				C4A344111B4DC63A0024B3A2 /* UIViewClass */,
				C4A3442B1B4DC63A0024B3A2 /* UIViewClassTests */,
				C4A344101B4DC63A0024B3A2 /* Products */,
			);
			sourceTree = "<group>";
		};
		C4A344101B4DC63A0024B3A2 /* Products */ = {
			isa = PBXGroup;
			children = (
				C4A3440F1B4DC63A0024B3A2 /* UIViewClass.app */,
				C4A344281B4DC63A0024B3A2 /* UIViewClassTests.xctest */,
			);
			name = Products;
			sourceTree = "<group>";
		};
		C4A344111B4DC63A0024B3A2 /* UIViewClass */ = {
			isa = PBXGroup;
			children = (
				C4A344161B4DC63A0024B3A2 /* AppDelegate.h */,
				C4A344171B4DC63A0024B3A2 /* AppDelegate.m */,
				C4A344191B4DC63A0024B3A2 /* ViewController.h */,
				C4A3441A1B4DC63A0024B3A2 /* ViewController.m */,
				C4A3441C1B4DC63A0024B3A2 /* Main.storyboard */,
				C4A3441F1B4DC63A0024B3A2 /* Images.xcassets */,
				C4A344211B4DC63A0024B3A2 /* LaunchScreen.xib */,
				C4A344121B4DC63A0024B3A2 /* Supporting Files */,
				C4A344381B4DC65D0024B3A2 /* HypnosisView.h */,
				C4A344391B4DC65D0024B3A2 /* HypnosisView.m */,
			);
			path = UIViewClass;
			sourceTree = "<group>";
		};
		C4A344121B4DC63A0024B3A2 /* Supporting Files */ = {
			isa = PBXGroup;
			children = (
				C4A344131B4DC63A0024B3A2 /* Info.plist */,
				C4A344141B4DC63A0024B3A2 /* main.m */,
			);
			name = "Supporting Files";
			sourceTree = "<group>";
		};
		C4A3442B1B4DC63A0024B3A2 /* UIViewClassTests */ = {
			isa = PBXGroup;
			children = (
				C4A3442E1B4DC63A0024B3A2 /* UIViewClassTests.m */,
				C4A3442C1B4DC63A0024B3A2 /* Supporting Files */,
			);
			path = UIViewClassTests;
			sourceTree = "<group>";
		};
		C4A3442C1B4DC63A0024B3A2 /* Supporting Files */ = {
			isa = PBXGroup;
			children = (
				C4A3442D1B4DC63A0024B3A2 /* Info.plist */,
			);
			name = "Supporting Files";
			sourceTree = "<group>";
		};
/* End PBXGroup section */

/* Begin PBXNativeTarget section */
		C4A3440E1B4DC63A0024B3A2 /* UIViewClass */ = {
			isa = PBXNativeTarget;
			buildConfigurationList = C4A344321B4DC63A0024B3A2 /* Build configuration list for PBXNativeTarget "UIViewClass" */;
			buildPhases = (
				C4A3440B1B4DC63A0024B3A2 /* Sources */,
				C4A3440C1B4DC63A0024B3A2 /* Frameworks */,
				C4A3440D1B4DC63A0024B3A2 /* Resources */,
			);
			buildRules = (
			);
			dependencies = (
			);
			name = UIViewClass;
			productName = UIViewClass;
			productReference = C4A3440F1B4DC63A0024B3A2 /* UIViewClass.app */;
			productType = "com.apple.product-type.application";
		};
		C4A344271B4DC63A0024B3A2 /* UIViewClassTests */ = {
			isa = PBXNativeTarget;
			buildConfigurationList = C4A344351B4DC63A0024B3A2 /* Build configuration list for PBXNativeTarget "UIViewClassTests" */;
			buildPhases = (
				C4A344241B4DC63A0024B3A2 /* Sources */,
				C4A344251B4DC63A0024B3A2 /* Frameworks */,
				C4A344261B4DC63A0024B3A2 /* Resources */,
			);
			buildRules = (
			);
			dependencies = (
				C4A3442A1B4DC63A0024B3A2 /* PBXTargetDependency */,
			);
			name = UIViewClassTests;
			productName = UIViewClassTests;
			productReference = C4A344281B4DC63A0024B3A2 /* UIViewClassTests.xctest */;
			productType = "com.apple.product-type.bundle.unit-test";
		};
/* End PBXNativeTarget section */

/* Begin PBXProject section */
		C4A344071B4DC63A0024B3A2 /* Project object */ = {
			isa = PBXProject;
			attributes = {
				LastUpgradeCheck = 0630;
				ORGANIZATIONNAME = "Nilesh Agrawal";
				TargetAttributes = {
					C4A3440E1B4DC63A0024B3A2 = {
						CreatedOnToolsVersion = 6.3.2;
					};
					C4A344271B4DC63A0024B3A2 = {
						CreatedOnToolsVersion = 6.3.2;
						TestTargetID = C4A3440E1B4DC63A0024B3A2;
					};
				};
			};
			buildConfigurationList = C4A3440A1B4DC63A0024B3A2 /* Build configuration list for PBXProject "UIViewClass" */;
			compatibilityVersion = "Xcode 3.2";
			developmentRegion = English;
			hasScannedForEncodings = 0;
			knownRegions = (
				en,
				Base,
			);
			mainGroup = C4A344061B4DC63A0024B3A2;
			productRefGroup = C4A344101B4DC63A0024B3A2 /* Products */;
			projectDirPath = "";
			projectRoot = "";
			targets = (
				C4A3440E1B4DC63A0024B3A2 /* UIViewClass */,
				C4A344271B4DC63A0024B3A2 /* UIViewClassTests */,
			);
		};
/* End PBXProject section */

/* Begin PBXResourcesBuildPhase section */
		C4A3440D1B4DC63A0024B3A2 /* Resources */ = {
			isa = PBXResourcesBuildPhase;
			buildActionMask = 2147483647;
			files = (
				C4A3441E1B4DC63A0024B3A2 /* Main.storyboard in Resources */,
				C4A344231B4DC63A0024B3A2 /* LaunchScreen.xib in Resources */,
				C4A344201B4DC63A0024B3A2 /* Images.xcassets in Resources */,
			);
			runOnlyForDeploymentPostprocessing = 0;
		};
		C4A344261B4DC63A0024B3A2 /* Resources */ = {
			isa = PBXResourcesBuildPhase;
			buildActionMask = 2147483647;
			files = (
			);
			runOnlyForDeploymentPostprocessing = 0;
		};
/* End PBXResourcesBuildPhase section */

/* Begin PBXSourcesBuildPhase section */
		C4A3440B1B4DC63A0024B3A2 /* Sources */ = {
			isa = PBXSourcesBuildPhase;
			buildActionMask = 2147483647;
			files = (
				C4A3441B1B4DC63A0024B3A2 /* ViewController.m in Sources */,
				C4A3443A1B4DC65D0024B3A2 /* HypnosisView.m in Sources */,
				C4A344181B4DC63A0024B3A2 /* AppDelegate.m in Sources */,
				C4A344151B4DC63A0024B3A2 /* main.m in Sources */,
			);
			runOnlyForDeploymentPostprocessing = 0;
		};
		C4A344241B4DC63A0024B3A2 /* Sources */ = {
			isa = PBXSourcesBuildPhase;
			buildActionMask = 2147483647;
			files = (
				C4A3442F1B4DC63A0024B3A2 /* UIViewClassTests.m in Sources */,
			);
			runOnlyForDeploymentPostprocessing = 0;
		};
/* End PBXSourcesBuildPhase section */

/* Begin PBXTargetDependency section */
		C4A3442A1B4DC63A0024B3A2 /* PBXTargetDependency */ = {
			isa = PBXTargetDependency;
			target = C4A3440E1B4DC63A0024B3A2 /* UIViewClass */;
			targetProxy = C4A344291B4DC63A0024B3A2 /* PBXContainerItemProxy */;
		};
/* End PBXTargetDependency section */

/* Begin PBXVariantGroup section */
		C4A3441C1B4DC63A0024B3A2 /* Main.storyboard */ = {
			isa = PBXVariantGroup;
			children = (
				C4A3441D1B4DC63A0024B3A2 /* Base */,
			);
			name = Main.storyboard;
			sourceTree = "<group>";
		};
		C4A344211B4DC63A0024B3A2 /* LaunchScreen.xib */ = {
			isa = PBXVariantGroup;
			children = (
				C4A344221B4DC63A0024B3A2 /* Base */,
			);
			name = LaunchScreen.xib;
			sourceTree = "<group>";
		};
/* End PBXVariantGroup section */

/* Begin XCBuildConfiguration section */
		C4A344301B4DC63A0024B3A2 /* Debug */ = {
			isa = XCBuildConfiguration;
			buildSettings = {
				ALWAYS_SEARCH_USER_PATHS = NO;
				CLANG_CXX_LANGUAGE_STANDARD = "gnu++0x";
				CLANG_CXX_LIBRARY = "libc++";
				CLANG_ENABLE_MODULES = YES;
				CLANG_ENABLE_OBJC_ARC = YES;
				CLANG_WARN_BOOL_CONVERSION = YES;
				CLANG_WARN_CONSTANT_CONVERSION = YES;
				CLANG_WARN_DIRECT_OBJC_ISA_USAGE = YES_ERROR;
				CLANG_WARN_EMPTY_BODY = YES;
				CLANG_WARN_ENUM_CONVERSION = YES;
				CLANG_WARN_INT_CONVERSION = YES;
				CLANG_WARN_OBJC_ROOT_CLASS = YES_ERROR;
				CLANG_WARN_UNREACHABLE_CODE = YES;
				CLANG_WARN__DUPLICATE_METHOD_MATCH = YES;
				"CODE_SIGN_IDENTITY[sdk=iphoneos*]" = "iPhone Developer";
				COPY_PHASE_STRIP = NO;
				DEBUG_INFORMATION_FORMAT = "dwarf-with-dsym";
				ENABLE_STRICT_OBJC_MSGSEND = YES;
				GCC_C_LANGUAGE_STANDARD = gnu99;
				GCC_DYNAMIC_NO_PIC = NO;
				GCC_NO_COMMON_BLOCKS = YES;
				GCC_OPTIMIZATION_LEVEL = 0;
				GCC_PREPROCESSOR_DEFINITIONS = (
					"DEBUG=1",
					"$(inherited)",
				);
				GCC_SYMBOLS_PRIVATE_EXTERN = NO;
				GCC_WARN_64_TO_32_BIT_CONVERSION = YES;
				GCC_WARN_ABOUT_RETURN_TYPE = YES_ERROR;
				GCC_WARN_UNDECLARED_SELECTOR = YES;
				GCC_WARN_UNINITIALIZED_AUTOS = YES_AGGRESSIVE;
				GCC_WARN_UNUSED_FUNCTION = YES;
				GCC_WARN_UNUSED_VARIABLE = YES;
				IPHONEOS_DEPLOYMENT_TARGET = 8.3;
				MTL_ENABLE_DEBUG_INFO = YES;
				ONLY_ACTIVE_ARCH = YES;
				SDKROOT = iphoneos;
				TARGETED_DEVICE_FAMILY = "1,2";
			};
			name = Debug;
		};
		C4A344311B4DC63A0024B3A2 /* Release */ = {
			isa = XCBuildConfiguration;
			buildSettings = {
				ALWAYS_SEARCH_USER_PATHS = NO;
				CLANG_CXX_LANGUAGE_STANDARD = "gnu++0x";
				CLANG_CXX_LIBRARY = "libc++";
				CLANG_ENABLE_MODULES = YES;
				CLANG_ENABLE_OBJC_ARC = YES;
				CLANG_WARN_BOOL_CONVERSION = YES;
				CLANG_WARN_CONSTANT_CONVERSION = YES;
				CLANG_WARN_DIRECT_OBJC_ISA_USAGE = YES_ERROR;
				CLANG_WARN_EMPTY_BODY = YES;
				CLANG_WARN_ENUM_CONVERSION = YES;
				CLANG_WARN_INT_CONVERSION = YES;
				CLANG_WARN_OBJC_ROOT_CLASS = YES_ERROR;
				CLANG_WARN_UNREACHABLE_CODE = YES;
				CLANG_WARN__DUPLICATE_METHOD_MATCH = YES;
				"CODE_SIGN_IDENTITY[sdk=iphoneos*]" = "iPhone Developer";
				COPY_PHASE_STRIP = NO;
				DEBUG_INFORMATION_FORMAT = "dwarf-with-dsym";
				ENABLE_NS_ASSERTIONS = NO;
				ENABLE_STRICT_OBJC_MSGSEND = YES;
				GCC_C_LANGUAGE_STANDARD = gnu99;
				GCC_NO_COMMON_BLOCKS = YES;
				GCC_WARN_64_TO_32_BIT_CONVERSION = YES;
				GCC_WARN_ABOUT_RETURN_TYPE = YES_ERROR;
				GCC_WARN_UNDECLARED_SELECTOR = YES;
				GCC_WARN_UNINITIALIZED_AUTOS = YES_AGGRESSIVE;
				GCC_WARN_UNUSED_FUNCTION = YES;
				GCC_WARN_UNUSED_VARIABLE = YES;
				IPHONEOS_DEPLOYMENT_TARGET = 8.3;
				MTL_ENABLE_DEBUG_INFO = NO;
				SDKROOT = iphoneos;
				TARGETED_DEVICE_FAMILY = "1,2";
				VALIDATE_PRODUCT = YES;
			};
			name = Release;
		};
		C4A344331B4DC63A0024B3A2 /* Debug */ = {
			isa = XCBuildConfiguration;
			buildSettings = {
				ASSETCATALOG_COMPILER_APPICON_NAME = AppIcon;
				INFOPLIST_FILE = UIViewClass/Info.plist;
				LD_RUNPATH_SEARCH_PATHS = "$(inherited) @executable_path/Frameworks";
				PRODUCT_NAME = "$(TARGET_NAME)";
			};
			name = Debug;
		};
		C4A344341B4DC63A0024B3A2 /* Release */ = {
			isa = XCBuildConfiguration;
			buildSettings = {
				ASSETCATALOG_COMPILER_APPICON_NAME = AppIcon;
				INFOPLIST_FILE = UIViewClass/Info.plist;
				LD_RUNPATH_SEARCH_PATHS = "$(inherited) @executable_path/Frameworks";
				PRODUCT_NAME = "$(TARGET_NAME)";
			};
			name = Release;
		};
		C4A344361B4DC63A0024B3A2 /* Debug */ = {
			isa = XCBuildConfiguration;
			buildSettings = {
				BUNDLE_LOADER = "$(TEST_HOST)";
				FRAMEWORK_SEARCH_PATHS = (
					"$(SDKROOT)/Developer/Library/Frameworks",
					"$(inherited)",
				);
				GCC_PREPROCESSOR_DEFINITIONS = (
					"DEBUG=1",
					"$(inherited)",
				);
				INFOPLIST_FILE = UIViewClassTests/Info.plist;
				LD_RUNPATH_SEARCH_PATHS = "$(inherited) @executable_path/Frameworks @loader_path/Frameworks";
				PRODUCT_NAME = "$(TARGET_NAME)";
				TEST_HOST = "$(BUILT_PRODUCTS_DIR)/UIViewClass.app/UIViewClass";
			};
			name = Debug;
		};
		C4A344371B4DC63A0024B3A2 /* Release */ = {
			isa = XCBuildConfiguration;
			buildSettings = {
				BUNDLE_LOADER = "$(TEST_HOST)";
				FRAMEWORK_SEARCH_PATHS = (
					"$(SDKROOT)/Developer/Library/Frameworks",
					"$(inherited)",
				);
				INFOPLIST_FILE = UIViewClassTests/Info.plist;
				LD_RUNPATH_SEARCH_PATHS = "$(inherited) @executable_path/Frameworks @loader_path/Frameworks";
				PRODUCT_NAME = "$(TARGET_NAME)";
				TEST_HOST = "$(BUILT_PRODUCTS_DIR)/UIViewClass.app/UIViewClass";
			};
			name = Release;
		};
/* End XCBuildConfiguration section */

/* Begin XCConfigurationList section */
		C4A3440A1B4DC63A0024B3A2 /* Build configuration list for PBXProject "UIViewClass" */ = {
			isa = XCConfigurationList;
			buildConfigurations = (
				C4A344301B4DC63A0024B3A2 /* Debug */,
				C4A344311B4DC63A0024B3A2 /* Release */,
			);
			defaultConfigurationIsVisible = 0;
			defaultConfigurationName = Release;
		};
		C4A344321B4DC63A0024B3A2 /* Build configuration list for PBXNativeTarget "UIViewClass" */ = {
			isa = XCConfigurationList;
			buildConfigurations = (
				C4A344331B4DC63A0024B3A2 /* Debug */,
				C4A344341B4DC63A0024B3A2 /* Release */,
			);
			defaultConfigurationIsVisible = 0;
		};
		C4A344351B4DC63A0024B3A2 /* Build configuration list for PBXNativeTarget "UIViewClassTests" */ = {
			isa = XCConfigurationList;
			buildConfigurations = (
				C4A344361B4DC63A0024B3A2 /* Debug */,
				C4A344371B4DC63A0024B3A2 /* Release */,
			);
			defaultConfigurationIsVisible = 0;
		};
/* End XCConfigurationList section */
	};
	rootObject = C4A344071B4DC63A0024B3A2 /* Project object */;
}
